
Microsoft Visual Studio Solution File, Format Version 12.00
# Visual Studio 2012
Project("{FAE04EC0-301F-11D3-BF4B-00C04F79EFBC}") = "胃肠疾病数据管理系统", "胃肠疾病数据管理系统.csproj", "{D232BE0E-AA0E-42C5-A4C5-93F19CF42EF9}"
EndProject
Project("{2150E333-8FDC-42A3-9474-1A3956D46DE8}") = "Solution Items", "Solution Items", "{FFBF4A99-5058-4EBD-88C4-C5C51EC32CB4}"
	ProjectSection(SolutionItems) = preProject
		home.html = home.html
	EndProjectSection
EndProject
Global
	GlobalSection(SolutionConfigurationPlatforms) = preSolution
		Debug|Any CPU = Debug|Any CPU
		Release|Any CPU = Release|Any CPU
	EndGlobalSection
	GlobalSection(ProjectConfigurationPlatforms) = postSolution
		{D232BE0E-AA0E-42C5-A4C5-93F19CF42EF9}.Debug|Any CPU.ActiveCfg = Debug|Any CPU
		{D232BE0E-AA0E-42C5-A4C5-93F19CF42EF9}.Debug|Any CPU.Build.0 = Debug|Any CPU
		{D232BE0E-AA0E-42C5-A4C5-93F19CF42EF9}.Release|Any CPU.ActiveCfg = Release|Any CPU
		{D232BE0E-AA0E-42C5-A4C5-93F19CF42EF9}.Release|Any CPU.Build.0 = Release|Any CPU
	EndGlobalSection
	GlobalSection(SolutionProperties) = preSolution
		HideSolutionNode = FALSE
	EndGlobalSection
EndGlobal
